<Solution>
  <Folder Name="/Examples/">
    <Project Path="src/examples/ConsoleHttpClientExample/ConsoleHttpClientExample.csproj" />
    <Project Path="src/examples/SampleConsole/SampleConsole.csproj" />
    <Project Path="src/examples/WebApiHttpClientExample/WebApiHttpClientExample.csproj" />
  </Folder>
  <Folder Name="/Meta/">
    <File Path=".editorconfig" />
    <File Path=".gitattributes" />
    <File Path=".gitignore" />
    <File Path="Directory.Build.props" />
    <File Path="global.json" />
    <File Path="LICENSE.txt" />
    <File Path="README.md" />
    <File Path="renovate.json" />
  </Folder>
  <Folder Name="/Tests/">
    <Project Path="tests/JwsTests/TBC.OpenBanking.Jws.Tests.csproj" />
  </Folder>
  <Project Path="src/TBC.OpenBanking.Jws.Http/src/TBC.OpenBanking.Jws.Http.csproj" />
  <Project Path="src/TBC.OpenBanking.Jws/src/TBC.OpenBanking.Jws.csproj" />
</Solution>
