
Microsoft Visual Studio Solution File, Format Version 12.00
# Visual Studio Version 16
VisualStudioVersion = 16.0.30114.105
MinimumVisualStudioVersion = 10.0.40219.1
Project("{9A19103F-16F7-4668-BE54-9A1E7A4F7556}") = "TBC.OpenBanking.Jws", "src\TBC.OpenBanking.Jws\src\TBC.OpenBanking.Jws.csproj", "{7149E2DA-0E96-44E8-9BCE-A9E5363F607E}"
EndProject
Project("{9A19103F-16F7-4668-BE54-9A1E7A4F7556}") = "TBC.OpenBanking.Jws.Http", "src\TBC.OpenBanking.Jws.Http\src\TBC.OpenBanking.Jws.Http.csproj", "{5FC47D2A-D303-49F5-BA49-D5658BC7A3B5}"
EndProject
Project("{2150E333-8FDC-42A3-9474-1A3956D46DE8}") = "Examples", "Examples", "{9F078BE0-AC43-4718-BBA2-51061BACD4F0}"
EndProject
Project("{9A19103F-16F7-4668-BE54-9A1E7A4F7556}") = "ConsoleHttpClientExample", "src\examples\ConsoleHttpClientExample\ConsoleHttpClientExample.csproj", "{7618EBBB-2028-41AB-A950-049DF0A83A53}"
EndProject
Project("{9A19103F-16F7-4668-BE54-9A1E7A4F7556}") = "WebApiHttpClientExample", "src\examples\WebApiHttpClientExample\WebApiHttpClientExample.csproj", "{EA4E8518-4EE3-4E17-A247-C5E876E82DD2}"
EndProject
Project("{9A19103F-16F7-4668-BE54-9A1E7A4F7556}") = "SampleConsole", "src\examples\SampleConsole\SampleConsole.csproj", "{9DB4FA94-857C-4448-88CF-580673F2363E}"
EndProject
Global
	GlobalSection(SolutionConfigurationPlatforms) = preSolution
		Debug|Any CPU = Debug|Any CPU
		Release|Any CPU = Release|Any CPU
	EndGlobalSection
	GlobalSection(ProjectConfigurationPlatforms) = postSolution
		{7149E2DA-0E96-44E8-9BCE-A9E5363F607E}.Debug|Any CPU.ActiveCfg = Debug|Any CPU
		{7149E2DA-0E96-44E8-9BCE-A9E5363F607E}.Debug|Any CPU.Build.0 = Debug|Any CPU
		{7149E2DA-0E96-44E8-9BCE-A9E5363F607E}.Release|Any CPU.ActiveCfg = Release|Any CPU
		{7149E2DA-0E96-44E8-9BCE-A9E5363F607E}.Release|Any CPU.Build.0 = Release|Any CPU
		{5FC47D2A-D303-49F5-BA49-D5658BC7A3B5}.Debug|Any CPU.ActiveCfg = Debug|Any CPU
		{5FC47D2A-D303-49F5-BA49-D5658BC7A3B5}.Debug|Any CPU.Build.0 = Debug|Any CPU
		{5FC47D2A-D303-49F5-BA49-D5658BC7A3B5}.Release|Any CPU.ActiveCfg = Release|Any CPU
		{5FC47D2A-D303-49F5-BA49-D5658BC7A3B5}.Release|Any CPU.Build.0 = Release|Any CPU
		{7618EBBB-2028-41AB-A950-049DF0A83A53}.Debug|Any CPU.ActiveCfg = Debug|Any CPU
		{7618EBBB-2028-41AB-A950-049DF0A83A53}.Debug|Any CPU.Build.0 = Debug|Any CPU
		{7618EBBB-2028-41AB-A950-049DF0A83A53}.Release|Any CPU.ActiveCfg = Release|Any CPU
		{7618EBBB-2028-41AB-A950-049DF0A83A53}.Release|Any CPU.Build.0 = Release|Any CPU
		{EA4E8518-4EE3-4E17-A247-C5E876E82DD2}.Debug|Any CPU.ActiveCfg = Debug|Any CPU
		{EA4E8518-4EE3-4E17-A247-C5E876E82DD2}.Debug|Any CPU.Build.0 = Debug|Any CPU
		{EA4E8518-4EE3-4E17-A247-C5E876E82DD2}.Release|Any CPU.ActiveCfg = Release|Any CPU
		{EA4E8518-4EE3-4E17-A247-C5E876E82DD2}.Release|Any CPU.Build.0 = Release|Any CPU
		{9DB4FA94-857C-4448-88CF-580673F2363E}.Debug|Any CPU.ActiveCfg = Debug|Any CPU
		{9DB4FA94-857C-4448-88CF-580673F2363E}.Debug|Any CPU.Build.0 = Debug|Any CPU
		{9DB4FA94-857C-4448-88CF-580673F2363E}.Release|Any CPU.ActiveCfg = Release|Any CPU
		{9DB4FA94-857C-4448-88CF-580673F2363E}.Release|Any CPU.Build.0 = Release|Any CPU
	EndGlobalSection
	GlobalSection(SolutionProperties) = preSolution
		HideSolutionNode = FALSE
	EndGlobalSection
	GlobalSection(NestedProjects) = preSolution
		{7618EBBB-2028-41AB-A950-049DF0A83A53} = {9F078BE0-AC43-4718-BBA2-51061BACD4F0}
		{EA4E8518-4EE3-4E17-A247-C5E876E82DD2} = {9F078BE0-AC43-4718-BBA2-51061BACD4F0}
		{9DB4FA94-857C-4448-88CF-580673F2363E} = {9F078BE0-AC43-4718-BBA2-51061BACD4F0}
	EndGlobalSection
	GlobalSection(ExtensibilityGlobals) = postSolution
		SolutionGuid = {8CFB1854-7A66-474D-BA36-DD9BD42368F4}
	EndGlobalSection
EndGlobal
